
Microsoft Visual Studio Solution File, Format Version 12.00
# Visual Studio 15
VisualStudioVersion = 15.0.28010.0
MinimumVisualStudioVersion = 10.0.40219.1
Project("{2150E333-8FDC-42A3-9474-1A3956D46DE8}") = "Structural", "Structural", "{832BE051-3390-4DBC-8242-328299ECFDF9}"
EndProject
Project("{2150E333-8FDC-42A3-9474-1A3956D46DE8}") = "TheoreticalVersions", "TheoreticalVersions", "{D3120A93-E626-4AF8-9276-702E40849BC5}"
EndProject
Project("{9A19103F-16F7-4668-BE54-9A1E7A4F7556}") = "Decorator", "Decorator\Decorator.csproj", "{14BB14FD-C4D1-408B-B053-F13838F18B5D}"
EndProject
Project("{2150E333-8FDC-42A3-9474-1A3956D46DE8}") = "Real-WorldVersions", "Real-WorldVersions", "{686095A5-049B-41CF-928B-D23E0BC75416}"
EndProject
Project("{FAE04EC0-301F-11D3-BF4B-00C04F79EFBC}") = "Photo Decorator", "Photo Decorator\Photo Decorator.csproj", "{7853E4BD-F1C5-4D1A-80D5-9B9E0D0B2C05}"
EndProject
Project("{9A19103F-16F7-4668-BE54-9A1E7A4F7556}") = "Proxy", "Proxy\Proxy.csproj", "{B3558E8F-4805-4B20-AF88-2BC3298C6B84}"
EndProject
Project("{9A19103F-16F7-4668-BE54-9A1E7A4F7556}") = "SpaceBook Proxy", "SpaceBook Proxy\SpaceBook Proxy.csproj", "{3B9639CB-A5B8-4690-B45F-269BAB40156D}"
EndProject
Project("{9A19103F-16F7-4668-BE54-9A1E7A4F7556}") = "Bridge", "Bridge\Bridge.csproj", "{E858C520-F5ED-4812-B34C-FA14F87F6345}"
EndProject
Project("{9A19103F-16F7-4668-BE54-9A1E7A4F7556}") = "OpenBook Bridge", "OpenBook Bridge\OpenBook Bridge.csproj", "{C3B4D34A-19A8-4796-A3DD-E75E80725AAC}"
EndProject
Project("{9A19103F-16F7-4668-BE54-9A1E7A4F7556}") = "Composite", "Composite\Composite.csproj", "{AF10BBAB-305E-42D3-8DCB-80536813F5FE}"
EndProject
Project("{9A19103F-16F7-4668-BE54-9A1E7A4F7556}") = "PhotoLibrary Composite", "PhotoLibrary Composite\PhotoLibrary Composite.csproj", "{19E45E93-AB59-4DC3-BE5F-D673AF887A6A}"
EndProject
Project("{9A19103F-16F7-4668-BE54-9A1E7A4F7556}") = "Adapter", "Adapter\Adapter.csproj", "{A000D155-AE15-4381-82A2-53B51877C08E}"
EndProject
Project("{9A19103F-16F7-4668-BE54-9A1E7A4F7556}") = "Seabird Adapter", "Seabird Adapter\Seabird Adapter.csproj", "{648280E8-8609-4602-85E4-BEFA7E7035C4}"
EndProject
Project("{9A19103F-16F7-4668-BE54-9A1E7A4F7556}") = "Adapter(Pluggable)", "Adapter(Pluggable)\Adapter(Pluggable).csproj", "{9B82352E-7103-47F7-8D2E-3B2F183C8197}"
EndProject
Project("{FAE04EC0-301F-11D3-BF4B-00C04F79EFBC}") = "Facade", "Facade\Facade.csproj", "{0FE9F5E1-DF7F-49F1-8E0C-5111D127F332}"
EndProject
Global
	GlobalSection(SolutionConfigurationPlatforms) = preSolution
		Debug|Any CPU = Debug|Any CPU
		Release|Any CPU = Release|Any CPU
	EndGlobalSection
	GlobalSection(ProjectConfigurationPlatforms) = postSolution
		{14BB14FD-C4D1-408B-B053-F13838F18B5D}.Debug|Any CPU.ActiveCfg = Debug|Any CPU
		{14BB14FD-C4D1-408B-B053-F13838F18B5D}.Debug|Any CPU.Build.0 = Debug|Any CPU
		{14BB14FD-C4D1-408B-B053-F13838F18B5D}.Release|Any CPU.ActiveCfg = Release|Any CPU
		{14BB14FD-C4D1-408B-B053-F13838F18B5D}.Release|Any CPU.Build.0 = Release|Any CPU
		{7853E4BD-F1C5-4D1A-80D5-9B9E0D0B2C05}.Debug|Any CPU.ActiveCfg = Debug|Any CPU
		{7853E4BD-F1C5-4D1A-80D5-9B9E0D0B2C05}.Debug|Any CPU.Build.0 = Debug|Any CPU
		{7853E4BD-F1C5-4D1A-80D5-9B9E0D0B2C05}.Release|Any CPU.ActiveCfg = Release|Any CPU
		{7853E4BD-F1C5-4D1A-80D5-9B9E0D0B2C05}.Release|Any CPU.Build.0 = Release|Any CPU
		{B3558E8F-4805-4B20-AF88-2BC3298C6B84}.Debug|Any CPU.ActiveCfg = Debug|Any CPU
		{B3558E8F-4805-4B20-AF88-2BC3298C6B84}.Debug|Any CPU.Build.0 = Debug|Any CPU
		{B3558E8F-4805-4B20-AF88-2BC3298C6B84}.Release|Any CPU.ActiveCfg = Release|Any CPU
		{B3558E8F-4805-4B20-AF88-2BC3298C6B84}.Release|Any CPU.Build.0 = Release|Any CPU
		{3B9639CB-A5B8-4690-B45F-269BAB40156D}.Debug|Any CPU.ActiveCfg = Debug|Any CPU
		{3B9639CB-A5B8-4690-B45F-269BAB40156D}.Debug|Any CPU.Build.0 = Debug|Any CPU
		{3B9639CB-A5B8-4690-B45F-269BAB40156D}.Release|Any CPU.ActiveCfg = Release|Any CPU
		{3B9639CB-A5B8-4690-B45F-269BAB40156D}.Release|Any CPU.Build.0 = Release|Any CPU
		{E858C520-F5ED-4812-B34C-FA14F87F6345}.Debug|Any CPU.ActiveCfg = Debug|Any CPU
		{E858C520-F5ED-4812-B34C-FA14F87F6345}.Debug|Any CPU.Build.0 = Debug|Any CPU
		{E858C520-F5ED-4812-B34C-FA14F87F6345}.Release|Any CPU.ActiveCfg = Release|Any CPU
		{E858C520-F5ED-4812-B34C-FA14F87F6345}.Release|Any CPU.Build.0 = Release|Any CPU
		{C3B4D34A-19A8-4796-A3DD-E75E80725AAC}.Debug|Any CPU.ActiveCfg = Debug|Any CPU
		{C3B4D34A-19A8-4796-A3DD-E75E80725AAC}.Debug|Any CPU.Build.0 = Debug|Any CPU
		{C3B4D34A-19A8-4796-A3DD-E75E80725AAC}.Release|Any CPU.ActiveCfg = Release|Any CPU
		{C3B4D34A-19A8-4796-A3DD-E75E80725AAC}.Release|Any CPU.Build.0 = Release|Any CPU
		{AF10BBAB-305E-42D3-8DCB-80536813F5FE}.Debug|Any CPU.ActiveCfg = Debug|Any CPU
		{AF10BBAB-305E-42D3-8DCB-80536813F5FE}.Debug|Any CPU.Build.0 = Debug|Any CPU
		{AF10BBAB-305E-42D3-8DCB-80536813F5FE}.Release|Any CPU.ActiveCfg = Release|Any CPU
		{AF10BBAB-305E-42D3-8DCB-80536813F5FE}.Release|Any CPU.Build.0 = Release|Any CPU
		{19E45E93-AB59-4DC3-BE5F-D673AF887A6A}.Debug|Any CPU.ActiveCfg = Debug|Any CPU
		{19E45E93-AB59-4DC3-BE5F-D673AF887A6A}.Debug|Any CPU.Build.0 = Debug|Any CPU
		{19E45E93-AB59-4DC3-BE5F-D673AF887A6A}.Release|Any CPU.ActiveCfg = Release|Any CPU
		{19E45E93-AB59-4DC3-BE5F-D673AF887A6A}.Release|Any CPU.Build.0 = Release|Any CPU
		{A000D155-AE15-4381-82A2-53B51877C08E}.Debug|Any CPU.ActiveCfg = Debug|Any CPU
		{A000D155-AE15-4381-82A2-53B51877C08E}.Debug|Any CPU.Build.0 = Debug|Any CPU
		{A000D155-AE15-4381-82A2-53B51877C08E}.Release|Any CPU.ActiveCfg = Release|Any CPU
		{A000D155-AE15-4381-82A2-53B51877C08E}.Release|Any CPU.Build.0 = Release|Any CPU
		{648280E8-8609-4602-85E4-BEFA7E7035C4}.Debug|Any CPU.ActiveCfg = Debug|Any CPU
		{648280E8-8609-4602-85E4-BEFA7E7035C4}.Debug|Any CPU.Build.0 = Debug|Any CPU
		{648280E8-8609-4602-85E4-BEFA7E7035C4}.Release|Any CPU.ActiveCfg = Release|Any CPU
		{648280E8-8609-4602-85E4-BEFA7E7035C4}.Release|Any CPU.Build.0 = Release|Any CPU
		{9B82352E-7103-47F7-8D2E-3B2F183C8197}.Debug|Any CPU.ActiveCfg = Debug|Any CPU
		{9B82352E-7103-47F7-8D2E-3B2F183C8197}.Debug|Any CPU.Build.0 = Debug|Any CPU
		{9B82352E-7103-47F7-8D2E-3B2F183C8197}.Release|Any CPU.ActiveCfg = Release|Any CPU
		{9B82352E-7103-47F7-8D2E-3B2F183C8197}.Release|Any CPU.Build.0 = Release|Any CPU
		{0FE9F5E1-DF7F-49F1-8E0C-5111D127F332}.Debug|Any CPU.ActiveCfg = Debug|Any CPU
		{0FE9F5E1-DF7F-49F1-8E0C-5111D127F332}.Debug|Any CPU.Build.0 = Debug|Any CPU
		{0FE9F5E1-DF7F-49F1-8E0C-5111D127F332}.Release|Any CPU.ActiveCfg = Release|Any CPU
		{0FE9F5E1-DF7F-49F1-8E0C-5111D127F332}.Release|Any CPU.Build.0 = Release|Any CPU
	EndGlobalSection
	GlobalSection(SolutionProperties) = preSolution
		HideSolutionNode = FALSE
	EndGlobalSection
	GlobalSection(NestedProjects) = preSolution
		{D3120A93-E626-4AF8-9276-702E40849BC5} = {832BE051-3390-4DBC-8242-328299ECFDF9}
		{14BB14FD-C4D1-408B-B053-F13838F18B5D} = {D3120A93-E626-4AF8-9276-702E40849BC5}
		{686095A5-049B-41CF-928B-D23E0BC75416} = {832BE051-3390-4DBC-8242-328299ECFDF9}
		{7853E4BD-F1C5-4D1A-80D5-9B9E0D0B2C05} = {686095A5-049B-41CF-928B-D23E0BC75416}
		{B3558E8F-4805-4B20-AF88-2BC3298C6B84} = {D3120A93-E626-4AF8-9276-702E40849BC5}
		{3B9639CB-A5B8-4690-B45F-269BAB40156D} = {686095A5-049B-41CF-928B-D23E0BC75416}
		{E858C520-F5ED-4812-B34C-FA14F87F6345} = {D3120A93-E626-4AF8-9276-702E40849BC5}
		{C3B4D34A-19A8-4796-A3DD-E75E80725AAC} = {686095A5-049B-41CF-928B-D23E0BC75416}
		{AF10BBAB-305E-42D3-8DCB-80536813F5FE} = {D3120A93-E626-4AF8-9276-702E40849BC5}
		{19E45E93-AB59-4DC3-BE5F-D673AF887A6A} = {686095A5-049B-41CF-928B-D23E0BC75416}
		{A000D155-AE15-4381-82A2-53B51877C08E} = {D3120A93-E626-4AF8-9276-702E40849BC5}
		{648280E8-8609-4602-85E4-BEFA7E7035C4} = {686095A5-049B-41CF-928B-D23E0BC75416}
		{9B82352E-7103-47F7-8D2E-3B2F183C8197} = {D3120A93-E626-4AF8-9276-702E40849BC5}
		{0FE9F5E1-DF7F-49F1-8E0C-5111D127F332} = {D3120A93-E626-4AF8-9276-702E40849BC5}
	EndGlobalSection
	GlobalSection(ExtensibilityGlobals) = postSolution
		SolutionGuid = {6A31D52F-1660-4049-AD7F-97E892D50D10}
	EndGlobalSection
EndGlobal
